
Microsoft Visual Studio Solution File, Format Version 12.00
# Visual Studio Version 17
VisualStudioVersion = 17.8.34511.84
MinimumVisualStudioVersion = 10.0.40219.1
Project("{FAE04EC0-301F-11D3-BF4B-00C04F79EFBC}") = "Игра в 15 (пятнашки) v.2", "Игра в 15 (пятнашки) v.2.csproj", "{E6297196-249C-472E-9123-209AC3175184}"
EndProject
Global
	GlobalSection(SolutionConfigurationPlatforms) = preSolution
		Debug|Any CPU = Debug|Any CPU
		Release|Any CPU = Release|Any CPU
	EndGlobalSection
	GlobalSection(ProjectConfigurationPlatforms) = postSolution
		{E6297196-249C-472E-9123-209AC3175184}.Debug|Any CPU.ActiveCfg = Debug|Any CPU
		{E6297196-249C-472E-9123-209AC3175184}.Debug|Any CPU.Build.0 = Debug|Any CPU
		{E6297196-249C-472E-9123-209AC3175184}.Release|Any CPU.ActiveCfg = Release|Any CPU
		{E6297196-249C-472E-9123-209AC3175184}.Release|Any CPU.Build.0 = Release|Any CPU
	EndGlobalSection
	GlobalSection(SolutionProperties) = preSolution
		HideSolutionNode = FALSE
	EndGlobalSection
	GlobalSection(ExtensibilityGlobals) = postSolution
		SolutionGuid = {65FF6260-B528-40CB-98E1-25B59EC6475B}
	EndGlobalSection
EndGlobal
